
Microsoft Visual Studio Solution File, Format Version 12.00
# Visual Studio Version 17
VisualStudioVersion = 17.13.35913.81 d17.13
MinimumVisualStudioVersion = 10.0.40219.1
Project("{FAE04EC0-301F-11D3-BF4B-00C04F79EFBC}") = "VehiculosReservasWebAPI", "VehiculosReservasWebAPI\VehiculosReservasWebAPI.csproj", "{C2432D10-7334-41EA-AC3B-48439B225DAD}"
EndProject
Global
	GlobalSection(SolutionConfigurationPlatforms) = preSolution
		Debug|Any CPU = Debug|Any CPU
		Release|Any CPU = Release|Any CPU
	EndGlobalSection
	GlobalSection(ProjectConfigurationPlatforms) = postSolution
		{C2432D10-7334-41EA-AC3B-48439B225DAD}.Debug|Any CPU.ActiveCfg = Debug|Any CPU
		{C2432D10-7334-41EA-AC3B-48439B225DAD}.Debug|Any CPU.Build.0 = Debug|Any CPU
		{C2432D10-7334-41EA-AC3B-48439B225DAD}.Release|Any CPU.ActiveCfg = Release|Any CPU
		{C2432D10-7334-41EA-AC3B-48439B225DAD}.Release|Any CPU.Build.0 = Release|Any CPU
	EndGlobalSection
	GlobalSection(SolutionProperties) = preSolution
		HideSolutionNode = FALSE
	EndGlobalSection
	GlobalSection(ExtensibilityGlobals) = postSolution
		SolutionGuid = {5FC549A3-E3EA-4DD0-902D-AE8DC744FD06}
	EndGlobalSection
EndGlobal
